// !$*UTF8*$!
{
	archiveVersion = 1;
	classes = {
	};
	objectVersion = 55;
	objects = {

/* Begin PBXBuildFile section */
		0916DF1228BF76E700263966 /* AppDelegate.swift in Sources */ = {isa = PBXBuildFile; fileRef = 0916DF1128BF76E700263966 /* AppDelegate.swift */; };
		0916DF1428BF76E700263966 /* SceneDelegate.swift in Sources */ = {isa = PBXBuildFile; fileRef = 0916DF1328BF76E700263966 /* SceneDelegate.swift */; };
		0916DF1928BF76E700263966 /* Main.storyboard in Resources */ = {isa = PBXBuildFile; fileRef = 0916DF1728BF76E700263966 /* Main.storyboard */; };
		0916DF1B28BF76ED00263966 /* Assets.xcassets in Resources */ = {isa = PBXBuildFile; fileRef = 0916DF1A28BF76ED00263966 /* Assets.xcassets */; };
		0916DF1E28BF76ED00263966 /* LaunchScreen.storyboard in Resources */ = {isa = PBXBuildFile; fileRef = 0916DF1C28BF76ED00263966 /* LaunchScreen.storyboard */; };
		0916DF2628BF834100263966 /* MainPersonListViewController.swift in Sources */ = {isa = PBXBuildFile; fileRef = 0916DF2528BF834100263966 /* MainPersonListViewController.swift */; };
		0916DF2A28BF845100263966 /* SecondTableViewController.swift in Sources */ = {isa = PBXBuildFile; fileRef = 0916DF2928BF845100263966 /* SecondTableViewController.swift */; };
		0916DF2D28BF851C00263966 /* Person.swift in Sources */ = {isa = PBXBuildFile; fileRef = 0916DF2C28BF851C00263966 /* Person.swift */; };
		0916DF3028BF8D6600263966 /* DataManager.swift in Sources */ = {isa = PBXBuildFile; fileRef = 0916DF2F28BF8D6600263966 /* DataManager.swift */; };
		0916DF3228BF922000263966 /* PersonDetailsViewController.swift in Sources */ = {isa = PBXBuildFile; fileRef = 0916DF3128BF922000263966 /* PersonDetailsViewController.swift */; };
		0916DF3428BF9C0400263966 /* TabBarController.swift in Sources */ = {isa = PBXBuildFile; fileRef = 0916DF3328BF9C0400263966 /* TabBarController.swift */; };
/* End PBXBuildFile section */

/* Begin PBXFileReference section */
		0916DF0E28BF76E700263966 /* ContactList.app */ = {isa = PBXFileReference; explicitFileType = wrapper.application; includeInIndex = 0; path = ContactList.app; sourceTree = BUILT_PRODUCTS_DIR; };
		0916DF1128BF76E700263966 /* AppDelegate.swift */ = {isa = PBXFileReference; lastKnownFileType = sourcecode.swift; path = AppDelegate.swift; sourceTree = "<group>"; };
		0916DF1328BF76E700263966 /* SceneDelegate.swift */ = {isa = PBXFileReference; lastKnownFileType = sourcecode.swift; path = SceneDelegate.swift; sourceTree = "<group>"; };
		0916DF1828BF76E700263966 /* Base */ = {isa = PBXFileReference; lastKnownFileType = file.storyboard; name = Base; path = Base.lproj/Main.storyboard; sourceTree = "<group>"; };
		0916DF1A28BF76ED00263966 /* Assets.xcassets */ = {isa = PBXFileReference; lastKnownFileType = folder.assetcatalog; path = Assets.xcassets; sourceTree = "<group>"; };
		0916DF1D28BF76ED00263966 /* Base */ = {isa = PBXFileReference; lastKnownFileType = file.storyboard; name = Base; path = Base.lproj/LaunchScreen.storyboard; sourceTree = "<group>"; };
		0916DF1F28BF76ED00263966 /* Info.plist */ = {isa = PBXFileReference; lastKnownFileType = text.plist.xml; path = Info.plist; sourceTree = "<group>"; };
		0916DF2528BF834100263966 /* MainPersonListViewController.swift */ = {isa = PBXFileReference; lastKnownFileType = sourcecode.swift; path = MainPersonListViewController.swift; sourceTree = "<group>"; };
		0916DF2928BF845100263966 /* SecondTableViewController.swift */ = {isa = PBXFileReference; lastKnownFileType = sourcecode.swift; path = SecondTableViewController.swift; sourceTree = "<group>"; };
		0916DF2C28BF851C00263966 /* Person.swift */ = {isa = PBXFileReference; lastKnownFileType = sourcecode.swift; path = Person.swift; sourceTree = "<group>"; };
		0916DF2F28BF8D6600263966 /* DataManager.swift */ = {isa = PBXFileReference; lastKnownFileType = sourcecode.swift; path = DataManager.swift; sourceTree = "<group>"; };
		0916DF3128BF922000263966 /* PersonDetailsViewController.swift */ = {isa = PBXFileReference; lastKnownFileType = sourcecode.swift; path = PersonDetailsViewController.swift; sourceTree = "<group>"; };
		0916DF3328BF9C0400263966 /* TabBarController.swift */ = {isa = PBXFileReference; lastKnownFileType = sourcecode.swift; path = TabBarController.swift; sourceTree = "<group>"; };
/* End PBXFileReference section */

/* Begin PBXFrameworksBuildPhase section */
		0916DF0B28BF76E600263966 /* Frameworks */ = {
			isa = PBXFrameworksBuildPhase;
			buildActionMask = 2147483647;
			files = (
			);
			runOnlyForDeploymentPostprocessing = 0;
		};
/* End PBXFrameworksBuildPhase section */

/* Begin PBXGroup section */
		0916DF0528BF76E600263966 = {
			isa = PBXGroup;
			children = (
				0916DF1028BF76E700263966 /* ContactList */,
				0916DF0F28BF76E700263966 /* Products */,
			);
			sourceTree = "<group>";
		};
		0916DF0F28BF76E700263966 /* Products */ = {
			isa = PBXGroup;
			children = (
				0916DF0E28BF76E700263966 /* ContactList.app */,
			);
			name = Products;
			sourceTree = "<group>";
		};
		0916DF1028BF76E700263966 /* ContactList */ = {
			isa = PBXGroup;
			children = (
				0916DF2828BF842900263966 /* ViewControllers */,
				0916DF2E28BF852B00263966 /* Models */,
				0916DF2728BF83EA00263966 /* Storyboards */,
				0916DF2B28BF84F300263966 /* SupportFiles */,
				0916DF1A28BF76ED00263966 /* Assets.xcassets */,
				0916DF1F28BF76ED00263966 /* Info.plist */,
			);
			path = ContactList;
			sourceTree = "<group>";
		};
		0916DF2728BF83EA00263966 /* Storyboards */ = {
			isa = PBXGroup;
			children = (
				0916DF1C28BF76ED00263966 /* LaunchScreen.storyboard */,
				0916DF1728BF76E700263966 /* Main.storyboard */,
			);
			path = Storyboards;
			sourceTree = "<group>";
		};
		0916DF2828BF842900263966 /* ViewControllers */ = {
			isa = PBXGroup;
			children = (
				0916DF2528BF834100263966 /* MainPersonListViewController.swift */,
				0916DF2928BF845100263966 /* SecondTableViewController.swift */,
				0916DF3128BF922000263966 /* PersonDetailsViewController.swift */,
				0916DF3328BF9C0400263966 /* TabBarController.swift */,
			);
			path = ViewControllers;
			sourceTree = "<group>";
		};
		0916DF2B28BF84F300263966 /* SupportFiles */ = {
			isa = PBXGroup;
			children = (
				0916DF1128BF76E700263966 /* AppDelegate.swift */,
				0916DF1328BF76E700263966 /* SceneDelegate.swift */,
			);
			path = SupportFiles;
			sourceTree = "<group>";
		};
		0916DF2E28BF852B00263966 /* Models */ = {
			isa = PBXGroup;
			children = (
				0916DF2C28BF851C00263966 /* Person.swift */,
				0916DF2F28BF8D6600263966 /* DataManager.swift */,
			);
			path = Models;
			sourceTree = "<group>";
		};
/* End PBXGroup section */

/* Begin PBXNativeTarget section */
		0916DF0D28BF76E600263966 /* ContactList */ = {
			isa = PBXNativeTarget;
			buildConfigurationList = 0916DF2228BF76ED00263966 /* Build configuration list for PBXNativeTarget "ContactList" */;
			buildPhases = (
				0916DF0A28BF76E600263966 /* Sources */,
				0916DF0B28BF76E600263966 /* Frameworks */,
				0916DF0C28BF76E600263966 /* Resources */,
			);
			buildRules = (
			);
			dependencies = (
			);
			name = ContactList;
			productName = ContactList;
			productReference = 0916DF0E28BF76E700263966 /* ContactList.app */;
			productType = "com.apple.product-type.application";
		};
/* End PBXNativeTarget section */

/* Begin PBXProject section */
		0916DF0628BF76E600263966 /* Project object */ = {
			isa = PBXProject;
			attributes = {
				BuildIndependentTargetsInParallel = 1;
				LastSwiftUpdateCheck = 1340;
				LastUpgradeCheck = 1340;
				TargetAttributes = {
					0916DF0D28BF76E600263966 = {
						CreatedOnToolsVersion = 13.4.1;
					};
				};
			};
			buildConfigurationList = 0916DF0928BF76E600263966 /* Build configuration list for PBXProject "ContactList" */;
			compatibilityVersion = "Xcode 13.0";
			developmentRegion = en;
			hasScannedForEncodings = 0;
			knownRegions = (
				en,
				Base,
			);
			mainGroup = 0916DF0528BF76E600263966;
			productRefGroup = 0916DF0F28BF76E700263966 /* Products */;
			projectDirPath = "";
			projectRoot = "";
			targets = (
				0916DF0D28BF76E600263966 /* ContactList */,
			);
		};
/* End PBXProject section */

/* Begin PBXResourcesBuildPhase section */
		0916DF0C28BF76E600263966 /* Resources */ = {
			isa = PBXResourcesBuildPhase;
			buildActionMask = 2147483647;
			files = (
				0916DF1E28BF76ED00263966 /* LaunchScreen.storyboard in Resources */,
				0916DF1B28BF76ED00263966 /* Assets.xcassets in Resources */,
				0916DF1928BF76E700263966 /* Main.storyboard in Resources */,
			);
			runOnlyForDeploymentPostprocessing = 0;
		};
/* End PBXResourcesBuildPhase section */

/* Begin PBXSourcesBuildPhase section */
		0916DF0A28BF76E600263966 /* Sources */ = {
			isa = PBXSourcesBuildPhase;
			buildActionMask = 2147483647;
			files = (
				0916DF2D28BF851C00263966 /* Person.swift in Sources */,
				0916DF3428BF9C0400263966 /* TabBarController.swift in Sources */,
				0916DF3028BF8D6600263966 /* DataManager.swift in Sources */,
				0916DF1228BF76E700263966 /* AppDelegate.swift in Sources */,
				0916DF2A28BF845100263966 /* SecondTableViewController.swift in Sources */,
				0916DF1428BF76E700263966 /* SceneDelegate.swift in Sources */,
				0916DF2628BF834100263966 /* MainPersonListViewController.swift in Sources */,
				0916DF3228BF922000263966 /* PersonDetailsViewController.swift in Sources */,
			);
			runOnlyForDeploymentPostprocessing = 0;
		};
/* End PBXSourcesBuildPhase section */

/* Begin PBXVariantGroup section */
		0916DF1728BF76E700263966 /* Main.storyboard */ = {
			isa = PBXVariantGroup;
			children = (
				0916DF1828BF76E700263966 /* Base */,
			);
			name = Main.storyboard;
			sourceTree = "<group>";
		};
		0916DF1C28BF76ED00263966 /* LaunchScreen.storyboard */ = {
			isa = PBXVariantGroup;
			children = (
				0916DF1D28BF76ED00263966 /* Base */,
			);
			name = LaunchScreen.storyboard;
			sourceTree = "<group>";
		};
/* End PBXVariantGroup section */

/* Begin XCBuildConfiguration section */
		0916DF2028BF76ED00263966 /* Debug */ = {
			isa = XCBuildConfiguration;
			buildSettings = {
				ALWAYS_SEARCH_USER_PATHS = NO;
				CLANG_ANALYZER_NONNULL = YES;
				CLANG_ANALYZER_NUMBER_OBJECT_CONVERSION = YES_AGGRESSIVE;
				CLANG_CXX_LANGUAGE_STANDARD = "gnu++17";
				CLANG_ENABLE_MODULES = YES;
				CLANG_ENABLE_OBJC_ARC = YES;
				CLANG_ENABLE_OBJC_WEAK = YES;
				CLANG_WARN_BLOCK_CAPTURE_AUTORELEASING = YES;
				CLANG_WARN_BOOL_CONVERSION = YES;
				CLANG_WARN_COMMA = YES;
				CLANG_WARN_CONSTANT_CONVERSION = YES;
				CLANG_WARN_DEPRECATED_OBJC_IMPLEMENTATIONS = YES;
				CLANG_WARN_DIRECT_OBJC_ISA_USAGE = YES_ERROR;
				CLANG_WARN_DOCUMENTATION_COMMENTS = YES;
				CLANG_WARN_EMPTY_BODY = YES;
				CLANG_WARN_ENUM_CONVERSION = YES;
				CLANG_WARN_INFINITE_RECURSION = YES;
				CLANG_WARN_INT_CONVERSION = YES;
				CLANG_WARN_NON_LITERAL_NULL_CONVERSION = YES;
				CLANG_WARN_OBJC_IMPLICIT_RETAIN_SELF = YES;
				CLANG_WARN_OBJC_LITERAL_CONVERSION = YES;
				CLANG_WARN_OBJC_ROOT_CLASS = YES_ERROR;
				CLANG_WARN_QUOTED_INCLUDE_IN_FRAMEWORK_HEADER = YES;
				CLANG_WARN_RANGE_LOOP_ANALYSIS = YES;
				CLANG_WARN_STRICT_PROTOTYPES = YES;
				CLANG_WARN_SUSPICIOUS_MOVE = YES;
				CLANG_WARN_UNGUARDED_AVAILABILITY = YES_AGGRESSIVE;
				CLANG_WARN_UNREACHABLE_CODE = YES;
				CLANG_WARN__DUPLICATE_METHOD_MATCH = YES;
				COPY_PHASE_STRIP = NO;
				DEBUG_INFORMATION_FORMAT = dwarf;
				ENABLE_STRICT_OBJC_MSGSEND = YES;
				ENABLE_TESTABILITY = YES;
				GCC_C_LANGUAGE_STANDARD = gnu11;
				GCC_DYNAMIC_NO_PIC = NO;
				GCC_NO_COMMON_BLOCKS = YES;
				GCC_OPTIMIZATION_LEVEL = 0;
				GCC_PREPROCESSOR_DEFINITIONS = (
					"DEBUG=1",
					"$(inherited)",
				);
				GCC_WARN_64_TO_32_BIT_CONVERSION = YES;
				GCC_WARN_ABOUT_RETURN_TYPE = YES_ERROR;
				GCC_WARN_UNDECLARED_SELECTOR = YES;
				GCC_WARN_UNINITIALIZED_AUTOS = YES_AGGRESSIVE;
				GCC_WARN_UNUSED_FUNCTION = YES;
				GCC_WARN_UNUSED_VARIABLE = YES;
				IPHONEOS_DEPLOYMENT_TARGET = 15.5;
				MTL_ENABLE_DEBUG_INFO = INCLUDE_SOURCE;
				MTL_FAST_MATH = YES;
				ONLY_ACTIVE_ARCH = YES;
				SDKROOT = iphoneos;
				SWIFT_ACTIVE_COMPILATION_CONDITIONS = DEBUG;
				SWIFT_OPTIMIZATION_LEVEL = "-Onone";
			};
			name = Debug;
		};
		0916DF2128BF76ED00263966 /* Release */ = {
			isa = XCBuildConfiguration;
			buildSettings = {
				ALWAYS_SEARCH_USER_PATHS = NO;
				CLANG_ANALYZER_NONNULL = YES;
				CLANG_ANALYZER_NUMBER_OBJECT_CONVERSION = YES_AGGRESSIVE;
				CLANG_CXX_LANGUAGE_STANDARD = "gnu++17";
				CLANG_ENABLE_MODULES = YES;
				CLANG_ENABLE_OBJC_ARC = YES;
				CLANG_ENABLE_OBJC_WEAK = YES;
				CLANG_WARN_BLOCK_CAPTURE_AUTORELEASING = YES;
				CLANG_WARN_BOOL_CONVERSION = YES;
				CLANG_WARN_COMMA = YES;
				CLANG_WARN_CONSTANT_CONVERSION = YES;
				CLANG_WARN_DEPRECATED_OBJC_IMPLEMENTATIONS = YES;
				CLANG_WARN_DIRECT_OBJC_ISA_USAGE = YES_ERROR;
				CLANG_WARN_DOCUMENTATION_COMMENTS = YES;
				CLANG_WARN_EMPTY_BODY = YES;
				CLANG_WARN_ENUM_CONVERSION = YES;
				CLANG_WARN_INFINITE_RECURSION = YES;
				CLANG_WARN_INT_CONVERSION = YES;
				CLANG_WARN_NON_LITERAL_NULL_CONVERSION = YES;
				CLANG_WARN_OBJC_IMPLICIT_RETAIN_SELF = YES;
				CLANG_WARN_OBJC_LITERAL_CONVERSION = YES;
				CLANG_WARN_OBJC_ROOT_CLASS = YES_ERROR;
				CLANG_WARN_QUOTED_INCLUDE_IN_FRAMEWORK_HEADER = YES;
				CLANG_WARN_RANGE_LOOP_ANALYSIS = YES;
				CLANG_WARN_STRICT_PROTOTYPES = YES;
				CLANG_WARN_SUSPICIOUS_MOVE = YES;
				CLANG_WARN_UNGUARDED_AVAILABILITY = YES_AGGRESSIVE;
				CLANG_WARN_UNREACHABLE_CODE = YES;
				CLANG_WARN__DUPLICATE_METHOD_MATCH = YES;
				COPY_PHASE_STRIP = NO;
				DEBUG_INFORMATION_FORMAT = "dwarf-with-dsym";
				ENABLE_NS_ASSERTIONS = NO;
				ENABLE_STRICT_OBJC_MSGSEND = YES;
				GCC_C_LANGUAGE_STANDARD = gnu11;
				GCC_NO_COMMON_BLOCKS = YES;
				GCC_WARN_64_TO_32_BIT_CONVERSION = YES;
				GCC_WARN_ABOUT_RETURN_TYPE = YES_ERROR;
				GCC_WARN_UNDECLARED_SELECTOR = YES;
				GCC_WARN_UNINITIALIZED_AUTOS = YES_AGGRESSIVE;
				GCC_WARN_UNUSED_FUNCTION = YES;
				GCC_WARN_UNUSED_VARIABLE = YES;
				IPHONEOS_DEPLOYMENT_TARGET = 15.5;
				MTL_ENABLE_DEBUG_INFO = NO;
				MTL_FAST_MATH = YES;
				SDKROOT = iphoneos;
				SWIFT_COMPILATION_MODE = wholemodule;
				SWIFT_OPTIMIZATION_LEVEL = "-O";
				VALIDATE_PRODUCT = YES;
			};
			name = Release;
		};
		0916DF2328BF76ED00263966 /* Debug */ = {
			isa = XCBuildConfiguration;
			buildSettings = {
				ASSETCATALOG_COMPILER_APPICON_NAME = AppIcon;
				ASSETCATALOG_COMPILER_GLOBAL_ACCENT_COLOR_NAME = AccentColor;
				CODE_SIGN_STYLE = Automatic;
				CURRENT_PROJECT_VERSION = 1;
				DEVELOPMENT_TEAM = DY5944F6NS;
				GENERATE_INFOPLIST_FILE = YES;
				INFOPLIST_FILE = ContactList/Info.plist;
				INFOPLIST_KEY_UIApplicationSupportsIndirectInputEvents = YES;
				INFOPLIST_KEY_UILaunchStoryboardName = LaunchScreen;
				INFOPLIST_KEY_UIMainStoryboardFile = Main;
				INFOPLIST_KEY_UISupportedInterfaceOrientations = UIInterfaceOrientationPortrait;
				INFOPLIST_KEY_UISupportedInterfaceOrientations_iPhone = UIInterfaceOrientationPortrait;
				LD_RUNPATH_SEARCH_PATHS = (
					"$(inherited)",
					"@executable_path/Frameworks",
				);
				MARKETING_VERSION = 1.0;
				PRODUCT_BUNDLE_IDENTIFIER = "ru.SB-Lessons.ContactList";
				PRODUCT_NAME = "$(TARGET_NAME)";
				SWIFT_EMIT_LOC_STRINGS = YES;
				SWIFT_VERSION = 5.0;
				TARGETED_DEVICE_FAMILY = 1;
			};
			name = Debug;
		};
		0916DF2428BF76ED00263966 /* Release */ = {
			isa = XCBuildConfiguration;
			buildSettings = {
				ASSETCATALOG_COMPILER_APPICON_NAME = AppIcon;
				ASSETCATALOG_COMPILER_GLOBAL_ACCENT_COLOR_NAME = AccentColor;
				CODE_SIGN_STYLE = Automatic;
				CURRENT_PROJECT_VERSION = 1;
				DEVELOPMENT_TEAM = DY5944F6NS;
				GENERATE_INFOPLIST_FILE = YES;
				INFOPLIST_FILE = ContactList/Info.plist;
				INFOPLIST_KEY_UIApplicationSupportsIndirectInputEvents = YES;
				INFOPLIST_KEY_UILaunchStoryboardName = LaunchScreen;
				INFOPLIST_KEY_UIMainStoryboardFile = Main;
				INFOPLIST_KEY_UISupportedInterfaceOrientations = UIInterfaceOrientationPortrait;
				INFOPLIST_KEY_UISupportedInterfaceOrientations_iPhone = UIInterfaceOrientationPortrait;
				LD_RUNPATH_SEARCH_PATHS = (
					"$(inherited)",
					"@executable_path/Frameworks",
				);
				MARKETING_VERSION = 1.0;
				PRODUCT_BUNDLE_IDENTIFIER = "ru.SB-Lessons.ContactList";
				PRODUCT_NAME = "$(TARGET_NAME)";
				SWIFT_EMIT_LOC_STRINGS = YES;
				SWIFT_VERSION = 5.0;
				TARGETED_DEVICE_FAMILY = 1;
			};
			name = Release;
		};
/* End XCBuildConfiguration section */

/* Begin XCConfigurationList section */
		0916DF0928BF76E600263966 /* Build configuration list for PBXProject "ContactList" */ = {
			isa = XCConfigurationList;
			buildConfigurations = (
				0916DF2028BF76ED00263966 /* Debug */,
				0916DF2128BF76ED00263966 /* Release */,
			);
			defaultConfigurationIsVisible = 0;
			defaultConfigurationName = Release;
		};
		0916DF2228BF76ED00263966 /* Build configuration list for PBXNativeTarget "ContactList" */ = {
			isa = XCConfigurationList;
			buildConfigurations = (
				0916DF2328BF76ED00263966 /* Debug */,
				0916DF2428BF76ED00263966 /* Release */,
			);
			defaultConfigurationIsVisible = 0;
			defaultConfigurationName = Release;
		};
/* End XCConfigurationList section */
	};
	rootObject = 0916DF0628BF76E600263966 /* Project object */;
}
